dependencies:
  espressif/esp-nn:
    component_hash: 41b0ab49a5a5c88fc7331d76fc5cc58d1ec3e356ff42ea9cb88270daf415ffef
    dependencies:
    - name: idf
      require: private
      version: '>=5.1'
    source:
      registry_url: https://components.espressif.com/
      type: service
    version: 1.3.2
  idf:
    source:
      type: idf
    version: 5.3.1
direct_dependencies:
- espressif/esp-nn
manifest_hash: ffe2b993fd6241293eb74c0cc4d827cdd386367189e50e005635912cccc13ac9
target: esp32s3
version: 2.0.0
